
Microsoft Visual Studio Solution File, Format Version 12.00
# Visual Studio Version 17
VisualStudioVersion = 17.9.34714.143
MinimumVisualStudioVersion = 10.0.40219.1
Project("{2150E333-8FDC-42A3-9474-1A3956D46DE8}") = "src", "src", "{F2A47571-E492-4067-A192-5B6EA84E3EC1}"
EndProject
Project("{2150E333-8FDC-42A3-9474-1A3956D46DE8}") = "test", "test", "{05C56D7E-3734-45E9-8DC6-4EC1553BD8AD}"
EndProject
Project("{9A19103F-16F7-4668-BE54-9A1E7A4F7556}") = "Nameless.InfoPhoenix.Core", "src\Nameless.InfoPhoenix.Core\Nameless.InfoPhoenix.Core.csproj", "{03DA8425-A19B-4A07-B779-5B3D611505B3}"
EndProject
Project("{9A19103F-16F7-4668-BE54-9A1E7A4F7556}") = "Nameless.InfoPhoenix.Domain", "src\Nameless.InfoPhoenix.Domain\Nameless.InfoPhoenix.Domain.csproj", "{4257554E-E2BD-4342-B37B-89507A05F886}"
EndProject
Project("{9A19103F-16F7-4668-BE54-9A1E7A4F7556}") = "Nameless.InfoPhoenix.UI", "src\Nameless.InfoPhoenix.UI\Nameless.InfoPhoenix.UI.csproj", "{AC08628C-0D66-409F-8526-B5646E42B022}"
EndProject
Project("{9A19103F-16F7-4668-BE54-9A1E7A4F7556}") = "Nameless.InfoPhoenix.Client", "src\Nameless.InfoPhoenix.Client\Nameless.InfoPhoenix.Client.csproj", "{7A4BBB4E-9C64-4450-AFC1-FA3534726B67}"
EndProject
Project("{9A19103F-16F7-4668-BE54-9A1E7A4F7556}") = "Nameless.InfoPhoenix.Office", "src\Nameless.InfoPhoenix.Office\Nameless.InfoPhoenix.Office.csproj", "{AC08C0F9-ED83-43C9-B233-496E6CC063AE}"
EndProject
Project("{9A19103F-16F7-4668-BE54-9A1E7A4F7556}") = "Nameless.InfoPhoenix.Core.UnitTest", "test\Nameless.InfoPhoenix.Core.UnitTest\Nameless.InfoPhoenix.Core.UnitTest.csproj", "{283FCD35-198A-458D-A00D-8706F7EE2303}"
EndProject
Project("{9A19103F-16F7-4668-BE54-9A1E7A4F7556}") = "Nameless.InfoPhoenix.UnitTest.Utils", "test\Nameless.InfoPhoenix.UnitTest.Utils\Nameless.InfoPhoenix.UnitTest.Utils.csproj", "{C798A257-37AF-4DED-A219-6B628357B7CA}"
EndProject
Project("{2150E333-8FDC-42A3-9474-1A3956D46DE8}") = "github", "github", "{62276000-7795-4B7E-9880-653C2C7CCC47}"
EndProject
Project("{2150E333-8FDC-42A3-9474-1A3956D46DE8}") = "workflows", "workflows", "{A87AEF9B-D0C1-4C48-BFE1-373A4FE12C19}"
	ProjectSection(SolutionItems) = preProject
		.github\workflows\develop.yml = .github\workflows\develop.yml
		.github\workflows\release.yml = .github\workflows\release.yml
	EndProjectSection
EndProject
Global
	GlobalSection(SolutionConfigurationPlatforms) = preSolution
		Debug|Any CPU = Debug|Any CPU
		Debug|ARM64 = Debug|ARM64
		Debug|x64 = Debug|x64
		Debug|x86 = Debug|x86
		Release|Any CPU = Release|Any CPU
		Release|ARM64 = Release|ARM64
		Release|x64 = Release|x64
		Release|x86 = Release|x86
	EndGlobalSection
	GlobalSection(ProjectConfigurationPlatforms) = postSolution
		{03DA8425-A19B-4A07-B779-5B3D611505B3}.Debug|Any CPU.ActiveCfg = Debug|Any CPU
		{03DA8425-A19B-4A07-B779-5B3D611505B3}.Debug|Any CPU.Build.0 = Debug|Any CPU
		{03DA8425-A19B-4A07-B779-5B3D611505B3}.Debug|ARM64.ActiveCfg = Debug|Any CPU
		{03DA8425-A19B-4A07-B779-5B3D611505B3}.Debug|ARM64.Build.0 = Debug|Any CPU
		{03DA8425-A19B-4A07-B779-5B3D611505B3}.Debug|x64.ActiveCfg = Debug|Any CPU
		{03DA8425-A19B-4A07-B779-5B3D611505B3}.Debug|x64.Build.0 = Debug|Any CPU
		{03DA8425-A19B-4A07-B779-5B3D611505B3}.Debug|x86.ActiveCfg = Debug|Any CPU
		{03DA8425-A19B-4A07-B779-5B3D611505B3}.Debug|x86.Build.0 = Debug|Any CPU
		{03DA8425-A19B-4A07-B779-5B3D611505B3}.Release|Any CPU.ActiveCfg = Release|Any CPU
		{03DA8425-A19B-4A07-B779-5B3D611505B3}.Release|Any CPU.Build.0 = Release|Any CPU
		{03DA8425-A19B-4A07-B779-5B3D611505B3}.Release|ARM64.ActiveCfg = Release|Any CPU
		{03DA8425-A19B-4A07-B779-5B3D611505B3}.Release|ARM64.Build.0 = Release|Any CPU
		{03DA8425-A19B-4A07-B779-5B3D611505B3}.Release|x64.ActiveCfg = Release|Any CPU
		{03DA8425-A19B-4A07-B779-5B3D611505B3}.Release|x64.Build.0 = Release|Any CPU
		{03DA8425-A19B-4A07-B779-5B3D611505B3}.Release|x86.ActiveCfg = Release|Any CPU
		{03DA8425-A19B-4A07-B779-5B3D611505B3}.Release|x86.Build.0 = Release|Any CPU
		{4257554E-E2BD-4342-B37B-89507A05F886}.Debug|Any CPU.ActiveCfg = Debug|Any CPU
		{4257554E-E2BD-4342-B37B-89507A05F886}.Debug|Any CPU.Build.0 = Debug|Any CPU
		{4257554E-E2BD-4342-B37B-89507A05F886}.Debug|ARM64.ActiveCfg = Debug|Any CPU
		{4257554E-E2BD-4342-B37B-89507A05F886}.Debug|ARM64.Build.0 = Debug|Any CPU
		{4257554E-E2BD-4342-B37B-89507A05F886}.Debug|x64.ActiveCfg = Debug|Any CPU
		{4257554E-E2BD-4342-B37B-89507A05F886}.Debug|x64.Build.0 = Debug|Any CPU
		{4257554E-E2BD-4342-B37B-89507A05F886}.Debug|x86.ActiveCfg = Debug|Any CPU
		{4257554E-E2BD-4342-B37B-89507A05F886}.Debug|x86.Build.0 = Debug|Any CPU
		{4257554E-E2BD-4342-B37B-89507A05F886}.Release|Any CPU.ActiveCfg = Release|Any CPU
		{4257554E-E2BD-4342-B37B-89507A05F886}.Release|Any CPU.Build.0 = Release|Any CPU
		{4257554E-E2BD-4342-B37B-89507A05F886}.Release|ARM64.ActiveCfg = Release|Any CPU
		{4257554E-E2BD-4342-B37B-89507A05F886}.Release|ARM64.Build.0 = Release|Any CPU
		{4257554E-E2BD-4342-B37B-89507A05F886}.Release|x64.ActiveCfg = Release|Any CPU
		{4257554E-E2BD-4342-B37B-89507A05F886}.Release|x64.Build.0 = Release|Any CPU
		{4257554E-E2BD-4342-B37B-89507A05F886}.Release|x86.ActiveCfg = Release|Any CPU
		{4257554E-E2BD-4342-B37B-89507A05F886}.Release|x86.Build.0 = Release|Any CPU
		{AC08628C-0D66-409F-8526-B5646E42B022}.Debug|Any CPU.ActiveCfg = Debug|Any CPU
		{AC08628C-0D66-409F-8526-B5646E42B022}.Debug|Any CPU.Build.0 = Debug|Any CPU
		{AC08628C-0D66-409F-8526-B5646E42B022}.Debug|ARM64.ActiveCfg = Debug|Any CPU
		{AC08628C-0D66-409F-8526-B5646E42B022}.Debug|ARM64.Build.0 = Debug|Any CPU
		{AC08628C-0D66-409F-8526-B5646E42B022}.Debug|x64.ActiveCfg = Debug|Any CPU
		{AC08628C-0D66-409F-8526-B5646E42B022}.Debug|x64.Build.0 = Debug|Any CPU
		{AC08628C-0D66-409F-8526-B5646E42B022}.Debug|x86.ActiveCfg = Debug|Any CPU
		{AC08628C-0D66-409F-8526-B5646E42B022}.Debug|x86.Build.0 = Debug|Any CPU
		{AC08628C-0D66-409F-8526-B5646E42B022}.Release|Any CPU.ActiveCfg = Release|Any CPU
		{AC08628C-0D66-409F-8526-B5646E42B022}.Release|Any CPU.Build.0 = Release|Any CPU
		{AC08628C-0D66-409F-8526-B5646E42B022}.Release|ARM64.ActiveCfg = Release|Any CPU
		{AC08628C-0D66-409F-8526-B5646E42B022}.Release|ARM64.Build.0 = Release|Any CPU
		{AC08628C-0D66-409F-8526-B5646E42B022}.Release|x64.ActiveCfg = Release|Any CPU
		{AC08628C-0D66-409F-8526-B5646E42B022}.Release|x64.Build.0 = Release|Any CPU
		{AC08628C-0D66-409F-8526-B5646E42B022}.Release|x86.ActiveCfg = Release|Any CPU
		{AC08628C-0D66-409F-8526-B5646E42B022}.Release|x86.Build.0 = Release|Any CPU
		{7A4BBB4E-9C64-4450-AFC1-FA3534726B67}.Debug|Any CPU.ActiveCfg = Debug|Any CPU
		{7A4BBB4E-9C64-4450-AFC1-FA3534726B67}.Debug|Any CPU.Build.0 = Debug|Any CPU
		{7A4BBB4E-9C64-4450-AFC1-FA3534726B67}.Debug|ARM64.ActiveCfg = Debug|Any CPU
		{7A4BBB4E-9C64-4450-AFC1-FA3534726B67}.Debug|ARM64.Build.0 = Debug|Any CPU
		{7A4BBB4E-9C64-4450-AFC1-FA3534726B67}.Debug|x64.ActiveCfg = Debug|Any CPU
		{7A4BBB4E-9C64-4450-AFC1-FA3534726B67}.Debug|x64.Build.0 = Debug|Any CPU
		{7A4BBB4E-9C64-4450-AFC1-FA3534726B67}.Debug|x86.ActiveCfg = Debug|Any CPU
		{7A4BBB4E-9C64-4450-AFC1-FA3534726B67}.Debug|x86.Build.0 = Debug|Any CPU
		{7A4BBB4E-9C64-4450-AFC1-FA3534726B67}.Release|Any CPU.ActiveCfg = Release|Any CPU
		{7A4BBB4E-9C64-4450-AFC1-FA3534726B67}.Release|Any CPU.Build.0 = Release|Any CPU
		{7A4BBB4E-9C64-4450-AFC1-FA3534726B67}.Release|ARM64.ActiveCfg = Release|Any CPU
		{7A4BBB4E-9C64-4450-AFC1-FA3534726B67}.Release|ARM64.Build.0 = Release|Any CPU
		{7A4BBB4E-9C64-4450-AFC1-FA3534726B67}.Release|x64.ActiveCfg = Release|Any CPU
		{7A4BBB4E-9C64-4450-AFC1-FA3534726B67}.Release|x64.Build.0 = Release|Any CPU
		{7A4BBB4E-9C64-4450-AFC1-FA3534726B67}.Release|x86.ActiveCfg = Release|Any CPU
		{7A4BBB4E-9C64-4450-AFC1-FA3534726B67}.Release|x86.Build.0 = Release|Any CPU
		{AC08C0F9-ED83-43C9-B233-496E6CC063AE}.Debug|Any CPU.ActiveCfg = Debug|Any CPU
		{AC08C0F9-ED83-43C9-B233-496E6CC063AE}.Debug|Any CPU.Build.0 = Debug|Any CPU
		{AC08C0F9-ED83-43C9-B233-496E6CC063AE}.Debug|ARM64.ActiveCfg = Debug|Any CPU
		{AC08C0F9-ED83-43C9-B233-496E6CC063AE}.Debug|ARM64.Build.0 = Debug|Any CPU
		{AC08C0F9-ED83-43C9-B233-496E6CC063AE}.Debug|x64.ActiveCfg = Debug|Any CPU
		{AC08C0F9-ED83-43C9-B233-496E6CC063AE}.Debug|x64.Build.0 = Debug|Any CPU
		{AC08C0F9-ED83-43C9-B233-496E6CC063AE}.Debug|x86.ActiveCfg = Debug|Any CPU
		{AC08C0F9-ED83-43C9-B233-496E6CC063AE}.Debug|x86.Build.0 = Debug|Any CPU
		{AC08C0F9-ED83-43C9-B233-496E6CC063AE}.Release|Any CPU.ActiveCfg = Release|Any CPU
		{AC08C0F9-ED83-43C9-B233-496E6CC063AE}.Release|Any CPU.Build.0 = Release|Any CPU
		{AC08C0F9-ED83-43C9-B233-496E6CC063AE}.Release|ARM64.ActiveCfg = Release|Any CPU
		{AC08C0F9-ED83-43C9-B233-496E6CC063AE}.Release|ARM64.Build.0 = Release|Any CPU
		{AC08C0F9-ED83-43C9-B233-496E6CC063AE}.Release|x64.ActiveCfg = Release|Any CPU
		{AC08C0F9-ED83-43C9-B233-496E6CC063AE}.Release|x64.Build.0 = Release|Any CPU
		{AC08C0F9-ED83-43C9-B233-496E6CC063AE}.Release|x86.ActiveCfg = Release|Any CPU
		{AC08C0F9-ED83-43C9-B233-496E6CC063AE}.Release|x86.Build.0 = Release|Any CPU
		{283FCD35-198A-458D-A00D-8706F7EE2303}.Debug|Any CPU.ActiveCfg = Debug|Any CPU
		{283FCD35-198A-458D-A00D-8706F7EE2303}.Debug|Any CPU.Build.0 = Debug|Any CPU
		{283FCD35-198A-458D-A00D-8706F7EE2303}.Debug|ARM64.ActiveCfg = Debug|Any CPU
		{283FCD35-198A-458D-A00D-8706F7EE2303}.Debug|ARM64.Build.0 = Debug|Any CPU
		{283FCD35-198A-458D-A00D-8706F7EE2303}.Debug|x64.ActiveCfg = Debug|Any CPU
		{283FCD35-198A-458D-A00D-8706F7EE2303}.Debug|x64.Build.0 = Debug|Any CPU
		{283FCD35-198A-458D-A00D-8706F7EE2303}.Debug|x86.ActiveCfg = Debug|Any CPU
		{283FCD35-198A-458D-A00D-8706F7EE2303}.Debug|x86.Build.0 = Debug|Any CPU
		{283FCD35-198A-458D-A00D-8706F7EE2303}.Release|Any CPU.ActiveCfg = Release|Any CPU
		{283FCD35-198A-458D-A00D-8706F7EE2303}.Release|Any CPU.Build.0 = Release|Any CPU
		{283FCD35-198A-458D-A00D-8706F7EE2303}.Release|ARM64.ActiveCfg = Release|Any CPU
		{283FCD35-198A-458D-A00D-8706F7EE2303}.Release|ARM64.Build.0 = Release|Any CPU
		{283FCD35-198A-458D-A00D-8706F7EE2303}.Release|x64.ActiveCfg = Release|Any CPU
		{283FCD35-198A-458D-A00D-8706F7EE2303}.Release|x64.Build.0 = Release|Any CPU
		{283FCD35-198A-458D-A00D-8706F7EE2303}.Release|x86.ActiveCfg = Release|Any CPU
		{283FCD35-198A-458D-A00D-8706F7EE2303}.Release|x86.Build.0 = Release|Any CPU
		{C798A257-37AF-4DED-A219-6B628357B7CA}.Debug|Any CPU.ActiveCfg = Debug|Any CPU
		{C798A257-37AF-4DED-A219-6B628357B7CA}.Debug|Any CPU.Build.0 = Debug|Any CPU
		{C798A257-37AF-4DED-A219-6B628357B7CA}.Debug|ARM64.ActiveCfg = Debug|Any CPU
		{C798A257-37AF-4DED-A219-6B628357B7CA}.Debug|ARM64.Build.0 = Debug|Any CPU
		{C798A257-37AF-4DED-A219-6B628357B7CA}.Debug|x64.ActiveCfg = Debug|Any CPU
		{C798A257-37AF-4DED-A219-6B628357B7CA}.Debug|x64.Build.0 = Debug|Any CPU
		{C798A257-37AF-4DED-A219-6B628357B7CA}.Debug|x86.ActiveCfg = Debug|Any CPU
		{C798A257-37AF-4DED-A219-6B628357B7CA}.Debug|x86.Build.0 = Debug|Any CPU
		{C798A257-37AF-4DED-A219-6B628357B7CA}.Release|Any CPU.ActiveCfg = Release|Any CPU
		{C798A257-37AF-4DED-A219-6B628357B7CA}.Release|Any CPU.Build.0 = Release|Any CPU
		{C798A257-37AF-4DED-A219-6B628357B7CA}.Release|ARM64.ActiveCfg = Release|Any CPU
		{C798A257-37AF-4DED-A219-6B628357B7CA}.Release|ARM64.Build.0 = Release|Any CPU
		{C798A257-37AF-4DED-A219-6B628357B7CA}.Release|x64.ActiveCfg = Release|Any CPU
		{C798A257-37AF-4DED-A219-6B628357B7CA}.Release|x64.Build.0 = Release|Any CPU
		{C798A257-37AF-4DED-A219-6B628357B7CA}.Release|x86.ActiveCfg = Release|Any CPU
		{C798A257-37AF-4DED-A219-6B628357B7CA}.Release|x86.Build.0 = Release|Any CPU
	EndGlobalSection
	GlobalSection(SolutionProperties) = preSolution
		HideSolutionNode = FALSE
	EndGlobalSection
	GlobalSection(NestedProjects) = preSolution
		{03DA8425-A19B-4A07-B779-5B3D611505B3} = {F2A47571-E492-4067-A192-5B6EA84E3EC1}
		{4257554E-E2BD-4342-B37B-89507A05F886} = {F2A47571-E492-4067-A192-5B6EA84E3EC1}
		{AC08628C-0D66-409F-8526-B5646E42B022} = {F2A47571-E492-4067-A192-5B6EA84E3EC1}
		{7A4BBB4E-9C64-4450-AFC1-FA3534726B67} = {F2A47571-E492-4067-A192-5B6EA84E3EC1}
		{AC08C0F9-ED83-43C9-B233-496E6CC063AE} = {F2A47571-E492-4067-A192-5B6EA84E3EC1}
		{283FCD35-198A-458D-A00D-8706F7EE2303} = {05C56D7E-3734-45E9-8DC6-4EC1553BD8AD}
		{C798A257-37AF-4DED-A219-6B628357B7CA} = {05C56D7E-3734-45E9-8DC6-4EC1553BD8AD}
		{A87AEF9B-D0C1-4C48-BFE1-373A4FE12C19} = {62276000-7795-4B7E-9880-653C2C7CCC47}
	EndGlobalSection
	GlobalSection(ExtensibilityGlobals) = postSolution
		SolutionGuid = {F1AD637F-DBC1-4952-90F9-50C5E8690540}
	EndGlobalSection
EndGlobal
